{
  "name": "hubot-beerbods",
  "version": "1.5.0",
  "lockfileVersion": 1,
  "requires": true,
  "dependencies": {
    "coffee-script": {
      "version": "https://registry.npmjs.org/coffee-script/-/coffee-script-1.12.2.tgz",
      "integrity": "sha1-DUy97hg/ZQ2pVBlXDEkp0I75E3Y=",
      "dev": true
    }
  }
}
